// !$*UTF8*$!
{
	archiveVersion = 1;
	classes = {
	};
	objectVersion = 55;
	objects = {

/* Begin PBXBuildFile section */
		8A0B41F727A83DDD00B707D5 /* BowlingTdd.framework in Frameworks */ = {isa = PBXBuildFile; fileRef = 8A0B41EE27A83DDD00B707D5 /* BowlingTdd.framework */; };
		8A0B41FC27A83DDD00B707D5 /* BowlingTddTests.swift in Sources */ = {isa = PBXBuildFile; fileRef = 8A0B41FB27A83DDD00B707D5 /* BowlingTddTests.swift */; };
		8A0B420727A83E3500B707D5 /* Bowling.swift in Sources */ = {isa = PBXBuildFile; fileRef = 8A0B420627A83E3500B707D5 /* Bowling.swift */; };
		B6BA5098456A7403288FED3F /* Pods_BowlingTddTests.framework in Frameworks */ = {isa = PBXBuildFile; fileRef = 3B69463413079CDE2574F554 /* Pods_BowlingTddTests.framework */; };
/* End PBXBuildFile section */

/* Begin PBXContainerItemProxy section */
		8A0B41F827A83DDD00B707D5 /* PBXContainerItemProxy */ = {
			isa = PBXContainerItemProxy;
			containerPortal = 8A0B41E527A83DDD00B707D5 /* Project object */;
			proxyType = 1;
			remoteGlobalIDString = 8A0B41ED27A83DDD00B707D5;
			remoteInfo = BowlingTdd;
		};
/* End PBXContainerItemProxy section */

/* Begin PBXFileReference section */
		35ECDEA35DA4292F06D67769 /* Pods-BowlingTddTests.debug.xcconfig */ = {isa = PBXFileReference; includeInIndex = 1; lastKnownFileType = text.xcconfig; name = "Pods-BowlingTddTests.debug.xcconfig"; path = "Target Support Files/Pods-BowlingTddTests/Pods-BowlingTddTests.debug.xcconfig"; sourceTree = "<group>"; };
		3B69463413079CDE2574F554 /* Pods_BowlingTddTests.framework */ = {isa = PBXFileReference; explicitFileType = wrapper.framework; includeInIndex = 0; path = Pods_BowlingTddTests.framework; sourceTree = BUILT_PRODUCTS_DIR; };
		8A0B41EE27A83DDD00B707D5 /* BowlingTdd.framework */ = {isa = PBXFileReference; explicitFileType = wrapper.framework; includeInIndex = 0; path = BowlingTdd.framework; sourceTree = BUILT_PRODUCTS_DIR; };
		8A0B41F627A83DDD00B707D5 /* BowlingTddTests.xctest */ = {isa = PBXFileReference; explicitFileType = wrapper.cfbundle; includeInIndex = 0; path = BowlingTddTests.xctest; sourceTree = BUILT_PRODUCTS_DIR; };
		8A0B41FB27A83DDD00B707D5 /* BowlingTddTests.swift */ = {isa = PBXFileReference; lastKnownFileType = sourcecode.swift; path = BowlingTddTests.swift; sourceTree = "<group>"; };
		8A0B420627A83E3500B707D5 /* Bowling.swift */ = {isa = PBXFileReference; lastKnownFileType = sourcecode.swift; path = Bowling.swift; sourceTree = "<group>"; };
		B3A3A3E0BE8580B2366B3ABE /* Pods-BowlingTddTests.release.xcconfig */ = {isa = PBXFileReference; includeInIndex = 1; lastKnownFileType = text.xcconfig; name = "Pods-BowlingTddTests.release.xcconfig"; path = "Target Support Files/Pods-BowlingTddTests/Pods-BowlingTddTests.release.xcconfig"; sourceTree = "<group>"; };
/* End PBXFileReference section */

/* Begin PBXFrameworksBuildPhase section */
		8A0B41EB27A83DDD00B707D5 /* Frameworks */ = {
			isa = PBXFrameworksBuildPhase;
			buildActionMask = 2147483647;
			files = (
			);
			runOnlyForDeploymentPostprocessing = 0;
		};
		8A0B41F327A83DDD00B707D5 /* Frameworks */ = {
			isa = PBXFrameworksBuildPhase;
			buildActionMask = 2147483647;
			files = (
				8A0B41F727A83DDD00B707D5 /* BowlingTdd.framework in Frameworks */,
				B6BA5098456A7403288FED3F /* Pods_BowlingTddTests.framework in Frameworks */,
			);
			runOnlyForDeploymentPostprocessing = 0;
		};
/* End PBXFrameworksBuildPhase section */

/* Begin PBXGroup section */
		30F228355B6CA4131A3C3BDB /* Pods */ = {
			isa = PBXGroup;
			children = (
				35ECDEA35DA4292F06D67769 /* Pods-BowlingTddTests.debug.xcconfig */,
				B3A3A3E0BE8580B2366B3ABE /* Pods-BowlingTddTests.release.xcconfig */,
			);
			path = Pods;
			sourceTree = "<group>";
		};
		5F98D0C1C802E7DFD9A1FB10 /* Frameworks */ = {
			isa = PBXGroup;
			children = (
				3B69463413079CDE2574F554 /* Pods_BowlingTddTests.framework */,
			);
			name = Frameworks;
			sourceTree = "<group>";
		};
		8A0B41E427A83DDD00B707D5 = {
			isa = PBXGroup;
			children = (
				8A0B41F027A83DDD00B707D5 /* BowlingTdd */,
				8A0B41FA27A83DDD00B707D5 /* BowlingTddTests */,
				8A0B41EF27A83DDD00B707D5 /* Products */,
				30F228355B6CA4131A3C3BDB /* Pods */,
				5F98D0C1C802E7DFD9A1FB10 /* Frameworks */,
			);
			sourceTree = "<group>";
		};
		8A0B41EF27A83DDD00B707D5 /* Products */ = {
			isa = PBXGroup;
			children = (
				8A0B41EE27A83DDD00B707D5 /* BowlingTdd.framework */,
				8A0B41F627A83DDD00B707D5 /* BowlingTddTests.xctest */,
			);
			name = Products;
			sourceTree = "<group>";
		};
		8A0B41F027A83DDD00B707D5 /* BowlingTdd */ = {
			isa = PBXGroup;
			children = (
				8A0B420627A83E3500B707D5 /* Bowling.swift */,
			);
			path = BowlingTdd;
			sourceTree = "<group>";
		};
		8A0B41FA27A83DDD00B707D5 /* BowlingTddTests */ = {
			isa = PBXGroup;
			children = (
				8A0B41FB27A83DDD00B707D5 /* BowlingTddTests.swift */,
			);
			path = BowlingTddTests;
			sourceTree = "<group>";
		};
/* End PBXGroup section */

/* Begin PBXHeadersBuildPhase section */
		8A0B41E927A83DDD00B707D5 /* Headers */ = {
			isa = PBXHeadersBuildPhase;
			buildActionMask = 2147483647;
			files = (
			);
			runOnlyForDeploymentPostprocessing = 0;
		};
/* End PBXHeadersBuildPhase section */

/* Begin PBXNativeTarget section */
		8A0B41ED27A83DDD00B707D5 /* BowlingTdd */ = {
			isa = PBXNativeTarget;
			buildConfigurationList = 8A0B420027A83DDD00B707D5 /* Build configuration list for PBXNativeTarget "BowlingTdd" */;
			buildPhases = (
				8A0B41E927A83DDD00B707D5 /* Headers */,
				8A0B41EA27A83DDD00B707D5 /* Sources */,
				8A0B41EB27A83DDD00B707D5 /* Frameworks */,
				8A0B41EC27A83DDD00B707D5 /* Resources */,
			);
			buildRules = (
			);
			dependencies = (
			);
			name = BowlingTdd;
			productName = BowlingTdd;
			productReference = 8A0B41EE27A83DDD00B707D5 /* BowlingTdd.framework */;
			productType = "com.apple.product-type.framework";
		};
		8A0B41F527A83DDD00B707D5 /* BowlingTddTests */ = {
			isa = PBXNativeTarget;
			buildConfigurationList = 8A0B420327A83DDD00B707D5 /* Build configuration list for PBXNativeTarget "BowlingTddTests" */;
			buildPhases = (
				6E2ACAE5CC56644F9112049B /* [CP] Check Pods Manifest.lock */,
				8A0B41F227A83DDD00B707D5 /* Sources */,
				8A0B41F327A83DDD00B707D5 /* Frameworks */,
				8A0B41F427A83DDD00B707D5 /* Resources */,
				F8D6FDA0419E2F83943D4C76 /* [CP] Embed Pods Frameworks */,
			);
			buildRules = (
			);
			dependencies = (
				8A0B41F927A83DDD00B707D5 /* PBXTargetDependency */,
			);
			name = BowlingTddTests;
			productName = BowlingTddTests;
			productReference = 8A0B41F627A83DDD00B707D5 /* BowlingTddTests.xctest */;
			productType = "com.apple.product-type.bundle.unit-test";
		};
/* End PBXNativeTarget section */

/* Begin PBXProject section */
		8A0B41E527A83DDD00B707D5 /* Project object */ = {
			isa = PBXProject;
			attributes = {
				BuildIndependentTargetsInParallel = 1;
				LastSwiftUpdateCheck = 1320;
				LastUpgradeCheck = 1320;
				TargetAttributes = {
					8A0B41ED27A83DDD00B707D5 = {
						CreatedOnToolsVersion = 13.2.1;
						LastSwiftMigration = 1320;
					};
					8A0B41F527A83DDD00B707D5 = {
						CreatedOnToolsVersion = 13.2.1;
					};
				};
			};
			buildConfigurationList = 8A0B41E827A83DDD00B707D5 /* Build configuration list for PBXProject "BowlingTdd" */;
			compatibilityVersion = "Xcode 13.0";
			developmentRegion = en;
			hasScannedForEncodings = 0;
			knownRegions = (
				en,
				Base,
			);
			mainGroup = 8A0B41E427A83DDD00B707D5;
			productRefGroup = 8A0B41EF27A83DDD00B707D5 /* Products */;
			projectDirPath = "";
			projectRoot = "";
			targets = (
				8A0B41ED27A83DDD00B707D5 /* BowlingTdd */,
				8A0B41F527A83DDD00B707D5 /* BowlingTddTests */,
			);
		};
/* End PBXProject section */

/* Begin PBXResourcesBuildPhase section */
		8A0B41EC27A83DDD00B707D5 /* Resources */ = {
			isa = PBXResourcesBuildPhase;
			buildActionMask = 2147483647;
			files = (
			);
			runOnlyForDeploymentPostprocessing = 0;
		};
		8A0B41F427A83DDD00B707D5 /* Resources */ = {
			isa = PBXResourcesBuildPhase;
			buildActionMask = 2147483647;
			files = (
			);
			runOnlyForDeploymentPostprocessing = 0;
		};
/* End PBXResourcesBuildPhase section */

/* Begin PBXShellScriptBuildPhase section */
		6E2ACAE5CC56644F9112049B /* [CP] Check Pods Manifest.lock */ = {
			isa = PBXShellScriptBuildPhase;
			buildActionMask = 2147483647;
			files = (
			);
			inputFileListPaths = (
			);
			inputPaths = (
				"${PODS_PODFILE_DIR_PATH}/Podfile.lock",
				"${PODS_ROOT}/Manifest.lock",
			);
			name = "[CP] Check Pods Manifest.lock";
			outputFileListPaths = (
			);
			outputPaths = (
				"$(DERIVED_FILE_DIR)/Pods-BowlingTddTests-checkManifestLockResult.txt",
			);
			runOnlyForDeploymentPostprocessing = 0;
			shellPath = /bin/sh;
			shellScript = "diff \"${PODS_PODFILE_DIR_PATH}/Podfile.lock\" \"${PODS_ROOT}/Manifest.lock\" > /dev/null\nif [ $? != 0 ] ; then\n    # print error to STDERR\n    echo \"error: The sandbox is not in sync with the Podfile.lock. Run 'pod install' or update your CocoaPods installation.\" >&2\n    exit 1\nfi\n# This output is used by Xcode 'outputs' to avoid re-running this script phase.\necho \"SUCCESS\" > \"${SCRIPT_OUTPUT_FILE_0}\"\n";
			showEnvVarsInLog = 0;
		};
		F8D6FDA0419E2F83943D4C76 /* [CP] Embed Pods Frameworks */ = {
			isa = PBXShellScriptBuildPhase;
			buildActionMask = 2147483647;
			files = (
			);
			inputFileListPaths = (
				"${PODS_ROOT}/Target Support Files/Pods-BowlingTddTests/Pods-BowlingTddTests-frameworks-${CONFIGURATION}-input-files.xcfilelist",
			);
			name = "[CP] Embed Pods Frameworks";
			outputFileListPaths = (
				"${PODS_ROOT}/Target Support Files/Pods-BowlingTddTests/Pods-BowlingTddTests-frameworks-${CONFIGURATION}-output-files.xcfilelist",
			);
			runOnlyForDeploymentPostprocessing = 0;
			shellPath = /bin/sh;
			shellScript = "\"${PODS_ROOT}/Target Support Files/Pods-BowlingTddTests/Pods-BowlingTddTests-frameworks.sh\"\n";
			showEnvVarsInLog = 0;
		};
/* End PBXShellScriptBuildPhase section */

/* Begin PBXSourcesBuildPhase section */
		8A0B41EA27A83DDD00B707D5 /* Sources */ = {
			isa = PBXSourcesBuildPhase;
			buildActionMask = 2147483647;
			files = (
				8A0B420727A83E3500B707D5 /* Bowling.swift in Sources */,
			);
			runOnlyForDeploymentPostprocessing = 0;
		};
		8A0B41F227A83DDD00B707D5 /* Sources */ = {
			isa = PBXSourcesBuildPhase;
			buildActionMask = 2147483647;
			files = (
				8A0B41FC27A83DDD00B707D5 /* BowlingTddTests.swift in Sources */,
			);
			runOnlyForDeploymentPostprocessing = 0;
		};
/* End PBXSourcesBuildPhase section */

/* Begin PBXTargetDependency section */
		8A0B41F927A83DDD00B707D5 /* PBXTargetDependency */ = {
			isa = PBXTargetDependency;
			target = 8A0B41ED27A83DDD00B707D5 /* BowlingTdd */;
			targetProxy = 8A0B41F827A83DDD00B707D5 /* PBXContainerItemProxy */;
		};
/* End PBXTargetDependency section */

/* Begin XCBuildConfiguration section */
		8A0B41FE27A83DDD00B707D5 /* Debug */ = {
			isa = XCBuildConfiguration;
			buildSettings = {
				ALWAYS_SEARCH_USER_PATHS = NO;
				CLANG_ANALYZER_NONNULL = YES;
				CLANG_ANALYZER_NUMBER_OBJECT_CONVERSION = YES_AGGRESSIVE;
				CLANG_CXX_LANGUAGE_STANDARD = "gnu++17";
				CLANG_CXX_LIBRARY = "libc++";
				CLANG_ENABLE_MODULES = YES;
				CLANG_ENABLE_OBJC_ARC = YES;
				CLANG_ENABLE_OBJC_WEAK = YES;
				CLANG_WARN_BLOCK_CAPTURE_AUTORELEASING = YES;
				CLANG_WARN_BOOL_CONVERSION = YES;
				CLANG_WARN_COMMA = YES;
				CLANG_WARN_CONSTANT_CONVERSION = YES;
				CLANG_WARN_DEPRECATED_OBJC_IMPLEMENTATIONS = YES;
				CLANG_WARN_DIRECT_OBJC_ISA_USAGE = YES_ERROR;
				CLANG_WARN_DOCUMENTATION_COMMENTS = YES;
				CLANG_WARN_EMPTY_BODY = YES;
				CLANG_WARN_ENUM_CONVERSION = YES;
				CLANG_WARN_INFINITE_RECURSION = YES;
				CLANG_WARN_INT_CONVERSION = YES;
				CLANG_WARN_NON_LITERAL_NULL_CONVERSION = YES;
				CLANG_WARN_OBJC_IMPLICIT_RETAIN_SELF = YES;
				CLANG_WARN_OBJC_LITERAL_CONVERSION = YES;
				CLANG_WARN_OBJC_ROOT_CLASS = YES_ERROR;
				CLANG_WARN_QUOTED_INCLUDE_IN_FRAMEWORK_HEADER = YES;
				CLANG_WARN_RANGE_LOOP_ANALYSIS = YES;
				CLANG_WARN_STRICT_PROTOTYPES = YES;
				CLANG_WARN_SUSPICIOUS_MOVE = YES;
				CLANG_WARN_UNGUARDED_AVAILABILITY = YES_AGGRESSIVE;
				CLANG_WARN_UNREACHABLE_CODE = YES;
				CLANG_WARN__DUPLICATE_METHOD_MATCH = YES;
				COPY_PHASE_STRIP = NO;
				CURRENT_PROJECT_VERSION = 1;
				DEBUG_INFORMATION_FORMAT = dwarf;
				ENABLE_STRICT_OBJC_MSGSEND = YES;
				ENABLE_TESTABILITY = YES;
				GCC_C_LANGUAGE_STANDARD = gnu11;
				GCC_DYNAMIC_NO_PIC = NO;
				GCC_NO_COMMON_BLOCKS = YES;
				GCC_OPTIMIZATION_LEVEL = 0;
				GCC_PREPROCESSOR_DEFINITIONS = (
					"DEBUG=1",
					"$(inherited)",
				);
				GCC_WARN_64_TO_32_BIT_CONVERSION = YES;
				GCC_WARN_ABOUT_RETURN_TYPE = YES_ERROR;
				GCC_WARN_UNDECLARED_SELECTOR = YES;
				GCC_WARN_UNINITIALIZED_AUTOS = YES_AGGRESSIVE;
				GCC_WARN_UNUSED_FUNCTION = YES;
				GCC_WARN_UNUSED_VARIABLE = YES;
				MACOSX_DEPLOYMENT_TARGET = 12.1;
				MTL_ENABLE_DEBUG_INFO = INCLUDE_SOURCE;
				MTL_FAST_MATH = YES;
				ONLY_ACTIVE_ARCH = YES;
				SDKROOT = macosx;
				SWIFT_ACTIVE_COMPILATION_CONDITIONS = DEBUG;
				SWIFT_OPTIMIZATION_LEVEL = "-Onone";
				VERSIONING_SYSTEM = "apple-generic";
				VERSION_INFO_PREFIX = "";
			};
			name = Debug;
		};
		8A0B41FF27A83DDD00B707D5 /* Release */ = {
			isa = XCBuildConfiguration;
			buildSettings = {
				ALWAYS_SEARCH_USER_PATHS = NO;
				CLANG_ANALYZER_NONNULL = YES;
				CLANG_ANALYZER_NUMBER_OBJECT_CONVERSION = YES_AGGRESSIVE;
				CLANG_CXX_LANGUAGE_STANDARD = "gnu++17";
				CLANG_CXX_LIBRARY = "libc++";
				CLANG_ENABLE_MODULES = YES;
				CLANG_ENABLE_OBJC_ARC = YES;
				CLANG_ENABLE_OBJC_WEAK = YES;
				CLANG_WARN_BLOCK_CAPTURE_AUTORELEASING = YES;
				CLANG_WARN_BOOL_CONVERSION = YES;
				CLANG_WARN_COMMA = YES;
				CLANG_WARN_CONSTANT_CONVERSION = YES;
				CLANG_WARN_DEPRECATED_OBJC_IMPLEMENTATIONS = YES;
				CLANG_WARN_DIRECT_OBJC_ISA_USAGE = YES_ERROR;
				CLANG_WARN_DOCUMENTATION_COMMENTS = YES;
				CLANG_WARN_EMPTY_BODY = YES;
				CLANG_WARN_ENUM_CONVERSION = YES;
				CLANG_WARN_INFINITE_RECURSION = YES;
				CLANG_WARN_INT_CONVERSION = YES;
				CLANG_WARN_NON_LITERAL_NULL_CONVERSION = YES;
				CLANG_WARN_OBJC_IMPLICIT_RETAIN_SELF = YES;
				CLANG_WARN_OBJC_LITERAL_CONVERSION = YES;
				CLANG_WARN_OBJC_ROOT_CLASS = YES_ERROR;
				CLANG_WARN_QUOTED_INCLUDE_IN_FRAMEWORK_HEADER = YES;
				CLANG_WARN_RANGE_LOOP_ANALYSIS = YES;
				CLANG_WARN_STRICT_PROTOTYPES = YES;
				CLANG_WARN_SUSPICIOUS_MOVE = YES;
				CLANG_WARN_UNGUARDED_AVAILABILITY = YES_AGGRESSIVE;
				CLANG_WARN_UNREACHABLE_CODE = YES;
				CLANG_WARN__DUPLICATE_METHOD_MATCH = YES;
				COPY_PHASE_STRIP = NO;
				CURRENT_PROJECT_VERSION = 1;
				DEBUG_INFORMATION_FORMAT = "dwarf-with-dsym";
				ENABLE_NS_ASSERTIONS = NO;
				ENABLE_STRICT_OBJC_MSGSEND = YES;
				GCC_C_LANGUAGE_STANDARD = gnu11;
				GCC_NO_COMMON_BLOCKS = YES;
				GCC_WARN_64_TO_32_BIT_CONVERSION = YES;
				GCC_WARN_ABOUT_RETURN_TYPE = YES_ERROR;
				GCC_WARN_UNDECLARED_SELECTOR = YES;
				GCC_WARN_UNINITIALIZED_AUTOS = YES_AGGRESSIVE;
				GCC_WARN_UNUSED_FUNCTION = YES;
				GCC_WARN_UNUSED_VARIABLE = YES;
				MACOSX_DEPLOYMENT_TARGET = 12.1;
				MTL_ENABLE_DEBUG_INFO = NO;
				MTL_FAST_MATH = YES;
				SDKROOT = macosx;
				SWIFT_COMPILATION_MODE = wholemodule;
				SWIFT_OPTIMIZATION_LEVEL = "-O";
				VERSIONING_SYSTEM = "apple-generic";
				VERSION_INFO_PREFIX = "";
			};
			name = Release;
		};
		8A0B420127A83DDD00B707D5 /* Debug */ = {
			isa = XCBuildConfiguration;
			buildSettings = {
				CLANG_ENABLE_MODULES = YES;
				CODE_SIGN_STYLE = Automatic;
				COMBINE_HIDPI_IMAGES = YES;
				CURRENT_PROJECT_VERSION = 1;
				DEFINES_MODULE = YES;
				DEVELOPMENT_TEAM = 5466LTJ674;
				DYLIB_COMPATIBILITY_VERSION = 1;
				DYLIB_CURRENT_VERSION = 1;
				DYLIB_INSTALL_NAME_BASE = "@rpath";
				GENERATE_INFOPLIST_FILE = YES;
				INFOPLIST_KEY_NSHumanReadableCopyright = "";
				INSTALL_PATH = "$(LOCAL_LIBRARY_DIR)/Frameworks";
				LD_RUNPATH_SEARCH_PATHS = (
					"$(inherited)",
					"@executable_path/../Frameworks",
					"@loader_path/Frameworks",
				);
				MARKETING_VERSION = 1.0;
				PRODUCT_BUNDLE_IDENTIFIER = de.brickmakers.micha.BowlingTdd;
				PRODUCT_NAME = "$(TARGET_NAME:c99extidentifier)";
				SKIP_INSTALL = YES;
				SWIFT_EMIT_LOC_STRINGS = YES;
				SWIFT_OPTIMIZATION_LEVEL = "-Onone";
				SWIFT_VERSION = 5.0;
			};
			name = Debug;
		};
		8A0B420227A83DDD00B707D5 /* Release */ = {
			isa = XCBuildConfiguration;
			buildSettings = {
				CLANG_ENABLE_MODULES = YES;
				CODE_SIGN_STYLE = Automatic;
				COMBINE_HIDPI_IMAGES = YES;
				CURRENT_PROJECT_VERSION = 1;
				DEFINES_MODULE = YES;
				DEVELOPMENT_TEAM = 5466LTJ674;
				DYLIB_COMPATIBILITY_VERSION = 1;
				DYLIB_CURRENT_VERSION = 1;
				DYLIB_INSTALL_NAME_BASE = "@rpath";
				GENERATE_INFOPLIST_FILE = YES;
				INFOPLIST_KEY_NSHumanReadableCopyright = "";
				INSTALL_PATH = "$(LOCAL_LIBRARY_DIR)/Frameworks";
				LD_RUNPATH_SEARCH_PATHS = (
					"$(inherited)",
					"@executable_path/../Frameworks",
					"@loader_path/Frameworks",
				);
				MARKETING_VERSION = 1.0;
				PRODUCT_BUNDLE_IDENTIFIER = de.brickmakers.micha.BowlingTdd;
				PRODUCT_NAME = "$(TARGET_NAME:c99extidentifier)";
				SKIP_INSTALL = YES;
				SWIFT_EMIT_LOC_STRINGS = YES;
				SWIFT_VERSION = 5.0;
			};
			name = Release;
		};
		8A0B420427A83DDD00B707D5 /* Debug */ = {
			isa = XCBuildConfiguration;
			baseConfigurationReference = 35ECDEA35DA4292F06D67769 /* Pods-BowlingTddTests.debug.xcconfig */;
			buildSettings = {
				ALWAYS_EMBED_SWIFT_STANDARD_LIBRARIES = YES;
				CODE_SIGN_STYLE = Automatic;
				CURRENT_PROJECT_VERSION = 1;
				DEVELOPMENT_TEAM = 5466LTJ674;
				GENERATE_INFOPLIST_FILE = YES;
				MARKETING_VERSION = 1.0;
				PRODUCT_BUNDLE_IDENTIFIER = de.brickmakers.micha.BowlingTddTests;
				PRODUCT_NAME = "$(TARGET_NAME)";
				SWIFT_EMIT_LOC_STRINGS = NO;
				SWIFT_VERSION = 5.0;
			};
			name = Debug;
		};
		8A0B420527A83DDD00B707D5 /* Release */ = {
			isa = XCBuildConfiguration;
			baseConfigurationReference = B3A3A3E0BE8580B2366B3ABE /* Pods-BowlingTddTests.release.xcconfig */;
			buildSettings = {
				ALWAYS_EMBED_SWIFT_STANDARD_LIBRARIES = YES;
				CODE_SIGN_STYLE = Automatic;
				CURRENT_PROJECT_VERSION = 1;
				DEVELOPMENT_TEAM = 5466LTJ674;
				GENERATE_INFOPLIST_FILE = YES;
				MARKETING_VERSION = 1.0;
				PRODUCT_BUNDLE_IDENTIFIER = de.brickmakers.micha.BowlingTddTests;
				PRODUCT_NAME = "$(TARGET_NAME)";
				SWIFT_EMIT_LOC_STRINGS = NO;
				SWIFT_VERSION = 5.0;
			};
			name = Release;
		};
/* End XCBuildConfiguration section */

/* Begin XCConfigurationList section */
		8A0B41E827A83DDD00B707D5 /* Build configuration list for PBXProject "BowlingTdd" */ = {
			isa = XCConfigurationList;
			buildConfigurations = (
				8A0B41FE27A83DDD00B707D5 /* Debug */,
				8A0B41FF27A83DDD00B707D5 /* Release */,
			);
			defaultConfigurationIsVisible = 0;
			defaultConfigurationName = Release;
		};
		8A0B420027A83DDD00B707D5 /* Build configuration list for PBXNativeTarget "BowlingTdd" */ = {
			isa = XCConfigurationList;
			buildConfigurations = (
				8A0B420127A83DDD00B707D5 /* Debug */,
				8A0B420227A83DDD00B707D5 /* Release */,
			);
			defaultConfigurationIsVisible = 0;
			defaultConfigurationName = Release;
		};
		8A0B420327A83DDD00B707D5 /* Build configuration list for PBXNativeTarget "BowlingTddTests" */ = {
			isa = XCConfigurationList;
			buildConfigurations = (
				8A0B420427A83DDD00B707D5 /* Debug */,
				8A0B420527A83DDD00B707D5 /* Release */,
			);
			defaultConfigurationIsVisible = 0;
			defaultConfigurationName = Release;
		};
/* End XCConfigurationList section */
	};
	rootObject = 8A0B41E527A83DDD00B707D5 /* Project object */;
}
